{
  "name": "jwt_token",
  "version": "1.0.0",
  "lockfileVersion": 2,
  "requires": true,
  "packages": {
    "": {
      "name": "jwt_token",
      "version": "1.0.0",
      "license": "ISC",
      "dependencies": {
        "dotenv": "^16.0.3",
        "sf-jwt-token": "^1.3.0"
      }
    },
    "node_modules/base64url-xplatform": {
      "version": "1.1.2",
      "resolved": "https://registry.npmjs.org/base64url-xplatform/-/base64url-xplatform-1.1.2.tgz",
      "integrity": "sha512-WjNIvS5Xiy/X+NBEbetd1yjmfuzDLESyzMEjFyYa1tdBGKZBtR2DPmfe4uVSE9SrXgjo2iTwySHIKrB3Hy6dJQ==",
      "dependencies": {
        "buffer-esm": "^1.0.1"
      }
    },
    "node_modules/buffer-esm": {
      "version": "1.2.0",
      "resolved": "https://registry.npmjs.org/buffer-esm/-/buffer-esm-1.2.0.tgz",
      "integrity": "sha512-VdoXyqlJpVWspgSdR795+2IIBwpUx0rHRaMEYMKgr/fXaDgrdyL2B9fcc2VqJy3+IJKktZFVtfOBMHadatWEsQ=="
    },
    "node_modules/dotenv": {
      "version": "16.0.3",
      "resolved": "https://registry.npmjs.org/dotenv/-/dotenv-16.0.3.tgz",
      "integrity": "sha512-7GO6HghkA5fYG9TYnNxi14/7K9f5occMlp3zXAuSxn7CKCxt9xbNWG7yF8hTCSUchlfWSe3uLmlPfigevRItzQ==",
      "engines": {
        "node": ">=12"
      }
    },
    "node_modules/psl": {
      "version": "1.9.0",
      "resolved": "https://registry.npmjs.org/psl/-/psl-1.9.0.tgz",
      "integrity": "sha512-E/ZsdU4HLs/68gYzgGTkMicWTLPdAftJLfJFlLUAAKZGkStNU72sZjT66SnMDVOfOWY/YAoiD7Jxa9iHvngcag=="
    },
    "node_modules/punycode": {
      "version": "2.3.0",
      "resolved": "https://registry.npmjs.org/punycode/-/punycode-2.3.0.tgz",
      "integrity": "sha512-rRV+zQD8tVFys26lAGR9WUuS4iUAngJScM+ZRSKtvl5tKeZ2t5bvdNFdNHBW9FWR4guGHlgmsZ1G7BSm2wTbuA==",
      "engines": {
        "node": ">=6"
      }
    },
    "node_modules/querystringify": {
      "version": "2.2.0",
      "resolved": "https://registry.npmjs.org/querystringify/-/querystringify-2.2.0.tgz",
      "integrity": "sha512-FIqgj2EUvTa7R50u0rGsyTftzjYmv/a3hO345bZNrqabNqjtgiDMgmo4mkUjd+nzU5oF3dClKqFIPUKybUyqoQ=="
    },
    "node_modules/request-it-client": {
      "version": "1.4.1",
      "resolved": "https://registry.npmjs.org/request-it-client/-/request-it-client-1.4.1.tgz",
      "integrity": "sha512-ls2Wt1DUnEE19MaxnxTOslm1DqxuwKTlv2hMlCAW0mvov8nyegpPOeT4Tv2clBwYow6FYgfB2nCXK+8PGAlPWQ==",
      "dependencies": {
        "tough-cookie": "^4.0.0"
      }
    },
    "node_modules/requires-port": {
      "version": "1.0.0",
      "resolved": "https://registry.npmjs.org/requires-port/-/requires-port-1.0.0.tgz",
      "integrity": "sha512-KigOCHcocU3XODJxsu8i/j8T9tzT4adHiecwORRQ0ZZFcp7ahwXuRU1m+yuO90C5ZUyGeGfocHDI14M3L3yDAQ=="
    },
    "node_modules/sf-jwt-token": {
      "version": "1.3.0",
      "resolved": "https://registry.npmjs.org/sf-jwt-token/-/sf-jwt-token-1.3.0.tgz",
      "integrity": "sha512-k/CPjmdF0bT0kbNRo6HItAWpXHtqDlEkZp6m3GmOxjws+pxtye6aY5tbRpoB6Cgm1QzRpL0HytFKaG/N1OgUbw==",
      "dependencies": {
        "base64url-xplatform": "^1.1.2",
        "request-it-client": "^1.3.3"
      }
    },
    "node_modules/tough-cookie": {
      "version": "4.1.2",
      "resolved": "https://registry.npmjs.org/tough-cookie/-/tough-cookie-4.1.2.tgz",
      "integrity": "sha512-G9fqXWoYFZgTc2z8Q5zaHy/vJMjm+WV0AkAeHxVCQiEB1b+dGvWzFW6QV07cY5jQ5gRkeid2qIkzkxUnmoQZUQ==",
      "dependencies": {
        "psl": "^1.1.33",
        "punycode": "^2.1.1",
        "universalify": "^0.2.0",
        "url-parse": "^1.5.3"
      },
      "engines": {
        "node": ">=6"
      }
    },
    "node_modules/universalify": {
      "version": "0.2.0",
      "resolved": "https://registry.npmjs.org/universalify/-/universalify-0.2.0.tgz",
      "integrity": "sha512-CJ1QgKmNg3CwvAv/kOFmtnEN05f0D/cn9QntgNOQlQF9dgvVTHj3t+8JPdjqawCHk7V/KA+fbUqzZ9XWhcqPUg==",
      "engines": {
        "node": ">= 4.0.0"
      }
    },
    "node_modules/url-parse": {
      "version": "1.5.10",
      "resolved": "https://registry.npmjs.org/url-parse/-/url-parse-1.5.10.tgz",
      "integrity": "sha512-WypcfiRhfeUP9vvF0j6rw0J3hrWrw6iZv3+22h6iRMJ/8z1Tj6XfLP4DsUix5MhMPnXpiHDoKyoZ/bdCkwBCiQ==",
      "dependencies": {
        "querystringify": "^2.1.1",
        "requires-port": "^1.0.0"
      }
    }
  },
  "dependencies": {
    "base64url-xplatform": {
      "version": "1.1.2",
      "resolved": "https://registry.npmjs.org/base64url-xplatform/-/base64url-xplatform-1.1.2.tgz",
      "integrity": "sha512-WjNIvS5Xiy/X+NBEbetd1yjmfuzDLESyzMEjFyYa1tdBGKZBtR2DPmfe4uVSE9SrXgjo2iTwySHIKrB3Hy6dJQ==",
      "requires": {
        "buffer-esm": "^1.0.1"
      }
    },
    "buffer-esm": {
      "version": "1.2.0",
      "resolved": "https://registry.npmjs.org/buffer-esm/-/buffer-esm-1.2.0.tgz",
      "integrity": "sha512-VdoXyqlJpVWspgSdR795+2IIBwpUx0rHRaMEYMKgr/fXaDgrdyL2B9fcc2VqJy3+IJKktZFVtfOBMHadatWEsQ=="
    },
    "dotenv": {
      "version": "16.0.3",
      "resolved": "https://registry.npmjs.org/dotenv/-/dotenv-16.0.3.tgz",
      "integrity": "sha512-7GO6HghkA5fYG9TYnNxi14/7K9f5occMlp3zXAuSxn7CKCxt9xbNWG7yF8hTCSUchlfWSe3uLmlPfigevRItzQ=="
    },
    "psl": {
      "version": "1.9.0",
      "resolved": "https://registry.npmjs.org/psl/-/psl-1.9.0.tgz",
      "integrity": "sha512-E/ZsdU4HLs/68gYzgGTkMicWTLPdAftJLfJFlLUAAKZGkStNU72sZjT66SnMDVOfOWY/YAoiD7Jxa9iHvngcag=="
    },
    "punycode": {
      "version": "2.3.0",
      "resolved": "https://registry.npmjs.org/punycode/-/punycode-2.3.0.tgz",
      "integrity": "sha512-rRV+zQD8tVFys26lAGR9WUuS4iUAngJScM+ZRSKtvl5tKeZ2t5bvdNFdNHBW9FWR4guGHlgmsZ1G7BSm2wTbuA=="
    },
    "querystringify": {
      "version": "2.2.0",
      "resolved": "https://registry.npmjs.org/querystringify/-/querystringify-2.2.0.tgz",
      "integrity": "sha512-FIqgj2EUvTa7R50u0rGsyTftzjYmv/a3hO345bZNrqabNqjtgiDMgmo4mkUjd+nzU5oF3dClKqFIPUKybUyqoQ=="
    },
    "request-it-client": {
      "version": "1.4.1",
      "resolved": "https://registry.npmjs.org/request-it-client/-/request-it-client-1.4.1.tgz",
      "integrity": "sha512-ls2Wt1DUnEE19MaxnxTOslm1DqxuwKTlv2hMlCAW0mvov8nyegpPOeT4Tv2clBwYow6FYgfB2nCXK+8PGAlPWQ==",
      "requires": {
        "tough-cookie": "^4.0.0"
      }
    },
    "requires-port": {
      "version": "1.0.0",
      "resolved": "https://registry.npmjs.org/requires-port/-/requires-port-1.0.0.tgz",
      "integrity": "sha512-KigOCHcocU3XODJxsu8i/j8T9tzT4adHiecwORRQ0ZZFcp7ahwXuRU1m+yuO90C5ZUyGeGfocHDI14M3L3yDAQ=="
    },
    "sf-jwt-token": {
      "version": "1.3.0",
      "resolved": "https://registry.npmjs.org/sf-jwt-token/-/sf-jwt-token-1.3.0.tgz",
      "integrity": "sha512-k/CPjmdF0bT0kbNRo6HItAWpXHtqDlEkZp6m3GmOxjws+pxtye6aY5tbRpoB6Cgm1QzRpL0HytFKaG/N1OgUbw==",
      "requires": {
        "base64url-xplatform": "^1.1.2",
        "request-it-client": "^1.3.3"
      }
    },
    "tough-cookie": {
      "version": "4.1.2",
      "resolved": "https://registry.npmjs.org/tough-cookie/-/tough-cookie-4.1.2.tgz",
      "integrity": "sha512-G9fqXWoYFZgTc2z8Q5zaHy/vJMjm+WV0AkAeHxVCQiEB1b+dGvWzFW6QV07cY5jQ5gRkeid2qIkzkxUnmoQZUQ==",
      "requires": {
        "psl": "^1.1.33",
        "punycode": "^2.1.1",
        "universalify": "^0.2.0",
        "url-parse": "^1.5.3"
      }
    },
    "universalify": {
      "version": "0.2.0",
      "resolved": "https://registry.npmjs.org/universalify/-/universalify-0.2.0.tgz",
      "integrity": "sha512-CJ1QgKmNg3CwvAv/kOFmtnEN05f0D/cn9QntgNOQlQF9dgvVTHj3t+8JPdjqawCHk7V/KA+fbUqzZ9XWhcqPUg=="
    },
    "url-parse": {
      "version": "1.5.10",
      "resolved": "https://registry.npmjs.org/url-parse/-/url-parse-1.5.10.tgz",
      "integrity": "sha512-WypcfiRhfeUP9vvF0j6rw0J3hrWrw6iZv3+22h6iRMJ/8z1Tj6XfLP4DsUix5MhMPnXpiHDoKyoZ/bdCkwBCiQ==",
      "requires": {
        "querystringify": "^2.1.1",
        "requires-port": "^1.0.0"
      }
    }
  }
}
